// !$*UTF8*$!
{
	archiveVersion = 1;
	classes = {
	};
	objectVersion = 46;
	objects = {

/* Begin PBXBuildFile section */
		B25BEFEB229C9AD500ACA725 /* ndecoder~.c in Sources */ = {isa = PBXBuildFile; fileRef = B25BEFEA229C9AD500ACA725 /* ndecoder~.c */; };
		B25BEFED229C9B0400ACA725 /* m_pd.h in Headers */ = {isa = PBXBuildFile; fileRef = B25BEFEC229C9B0400ACA725 /* m_pd.h */; };
		B25BEFF3229CE6B000ACA725 /* m_pd.h in Headers */ = {isa = PBXBuildFile; fileRef = B25BEFEC229C9B0400ACA725 /* m_pd.h */; };
		B25BEFF9229CE6ED00ACA725 /* nencoder~.c in Sources */ = {isa = PBXBuildFile; fileRef = B25BEFF8229CE6ED00ACA725 /* nencoder~.c */; };
		B25BEFFC229CED0000ACA725 /* ne.c in Sources */ = {isa = PBXBuildFile; fileRef = B25BEFFB229CED0000ACA725 /* ne.c */; };
		B25BEFFD229CED0000ACA725 /* ne.c in Sources */ = {isa = PBXBuildFile; fileRef = B25BEFFB229CED0000ACA725 /* ne.c */; };
/* End PBXBuildFile section */

/* Begin PBXFileReference section */
		B25BEFE3229C99CF00ACA725 /* ndecoder~.pd_darwin */ = {isa = PBXFileReference; explicitFileType = "compiled.mach-o.dylib"; includeInIndex = 0; path = "ndecoder~.pd_darwin"; sourceTree = BUILT_PRODUCTS_DIR; };
		B25BEFEA229C9AD500ACA725 /* ndecoder~.c */ = {isa = PBXFileReference; fileEncoding = 4; lastKnownFileType = sourcecode.c.c; path = "ndecoder~.c"; sourceTree = "<group>"; };
		B25BEFEC229C9B0400ACA725 /* m_pd.h */ = {isa = PBXFileReference; fileEncoding = 4; lastKnownFileType = sourcecode.c.h; path = m_pd.h; sourceTree = "<group>"; };
		B25BEFF7229CE6B000ACA725 /* nencoder~.pd_darwin */ = {isa = PBXFileReference; explicitFileType = "compiled.mach-o.dylib"; includeInIndex = 0; path = "nencoder~.pd_darwin"; sourceTree = BUILT_PRODUCTS_DIR; };
		B25BEFF8229CE6ED00ACA725 /* nencoder~.c */ = {isa = PBXFileReference; fileEncoding = 4; lastKnownFileType = sourcecode.c.c; path = "nencoder~.c"; sourceTree = "<group>"; };
		B25BEFFA229CE9E700ACA725 /* ne.h */ = {isa = PBXFileReference; lastKnownFileType = sourcecode.c.h; path = ne.h; sourceTree = "<group>"; };
		B25BEFFB229CED0000ACA725 /* ne.c */ = {isa = PBXFileReference; fileEncoding = 4; lastKnownFileType = sourcecode.c.c; path = ne.c; sourceTree = "<group>"; };
/* End PBXFileReference section */

/* Begin PBXFrameworksBuildPhase section */
		B25BEFE0229C99CF00ACA725 /* Frameworks */ = {
			isa = PBXFrameworksBuildPhase;
			buildActionMask = 2147483647;
			files = (
			);
			runOnlyForDeploymentPostprocessing = 0;
		};
		B25BEFF1229CE6B000ACA725 /* Frameworks */ = {
			isa = PBXFrameworksBuildPhase;
			buildActionMask = 2147483647;
			files = (
			);
			runOnlyForDeploymentPostprocessing = 0;
		};
/* End PBXFrameworksBuildPhase section */

/* Begin PBXGroup section */
		B25BEFDA229C99CF00ACA725 = {
			isa = PBXGroup;
			children = (
				B25BEFFB229CED0000ACA725 /* ne.c */,
				B25BEFFA229CE9E700ACA725 /* ne.h */,
				B25BEFF8229CE6ED00ACA725 /* nencoder~.c */,
				B25BEFEC229C9B0400ACA725 /* m_pd.h */,
				B25BEFEA229C9AD500ACA725 /* ndecoder~.c */,
				B25BEFE4229C99CF00ACA725 /* Products */,
			);
			sourceTree = "<group>";
		};
		B25BEFE4229C99CF00ACA725 /* Products */ = {
			isa = PBXGroup;
			children = (
				B25BEFE3229C99CF00ACA725 /* ndecoder~.pd_darwin */,
				B25BEFF7229CE6B000ACA725 /* nencoder~.pd_darwin */,
			);
			name = Products;
			sourceTree = "<group>";
		};
/* End PBXGroup section */

/* Begin PBXHeadersBuildPhase section */
		B25BEFE1229C99CF00ACA725 /* Headers */ = {
			isa = PBXHeadersBuildPhase;
			buildActionMask = 2147483647;
			files = (
				B25BEFED229C9B0400ACA725 /* m_pd.h in Headers */,
			);
			runOnlyForDeploymentPostprocessing = 0;
		};
		B25BEFF2229CE6B000ACA725 /* Headers */ = {
			isa = PBXHeadersBuildPhase;
			buildActionMask = 2147483647;
			files = (
				B25BEFF3229CE6B000ACA725 /* m_pd.h in Headers */,
			);
			runOnlyForDeploymentPostprocessing = 0;
		};
/* End PBXHeadersBuildPhase section */

/* Begin PBXNativeTarget section */
		B25BEFE2229C99CF00ACA725 /* ndecoder~ */ = {
			isa = PBXNativeTarget;
			buildConfigurationList = B25BEFE7229C99CF00ACA725 /* Build configuration list for PBXNativeTarget "ndecoder~" */;
			buildPhases = (
				B25BEFDF229C99CF00ACA725 /* Sources */,
				B25BEFE0229C99CF00ACA725 /* Frameworks */,
				B25BEFE1229C99CF00ACA725 /* Headers */,
			);
			buildRules = (
			);
			dependencies = (
			);
			name = "ndecoder~";
			productName = "pd-ne";
			productReference = B25BEFE3229C99CF00ACA725 /* ndecoder~.pd_darwin */;
			productType = "com.apple.product-type.library.dynamic";
		};
		B25BEFEE229CE6B000ACA725 /* nencoder~ */ = {
			isa = PBXNativeTarget;
			buildConfigurationList = B25BEFF4229CE6B000ACA725 /* Build configuration list for PBXNativeTarget "nencoder~" */;
			buildPhases = (
				B25BEFEF229CE6B000ACA725 /* Sources */,
				B25BEFF1229CE6B000ACA725 /* Frameworks */,
				B25BEFF2229CE6B000ACA725 /* Headers */,
			);
			buildRules = (
			);
			dependencies = (
			);
			name = "nencoder~";
			productName = "pd-ne";
			productReference = B25BEFF7229CE6B000ACA725 /* nencoder~.pd_darwin */;
			productType = "com.apple.product-type.library.dynamic";
		};
/* End PBXNativeTarget section */

/* Begin PBXProject section */
		B25BEFDB229C99CF00ACA725 /* Project object */ = {
			isa = PBXProject;
			attributes = {
				LastUpgradeCheck = 0830;
				ORGANIZATIONNAME = jnonis;
				TargetAttributes = {
					B25BEFE2229C99CF00ACA725 = {
						CreatedOnToolsVersion = 8.3.3;
						ProvisioningStyle = Automatic;
					};
				};
			};
			buildConfigurationList = B25BEFDE229C99CF00ACA725 /* Build configuration list for PBXProject "pd-ne" */;
			compatibilityVersion = "Xcode 3.2";
			developmentRegion = English;
			hasScannedForEncodings = 0;
			knownRegions = (
				en,
			);
			mainGroup = B25BEFDA229C99CF00ACA725;
			productRefGroup = B25BEFE4229C99CF00ACA725 /* Products */;
			projectDirPath = "";
			projectRoot = "";
			targets = (
				B25BEFE2229C99CF00ACA725 /* ndecoder~ */,
				B25BEFEE229CE6B000ACA725 /* nencoder~ */,
			);
		};
/* End PBXProject section */

/* Begin PBXSourcesBuildPhase section */
		B25BEFDF229C99CF00ACA725 /* Sources */ = {
			isa = PBXSourcesBuildPhase;
			buildActionMask = 2147483647;
			files = (
				B25BEFFC229CED0000ACA725 /* ne.c in Sources */,
				B25BEFEB229C9AD500ACA725 /* ndecoder~.c in Sources */,
			);
			runOnlyForDeploymentPostprocessing = 0;
		};
		B25BEFEF229CE6B000ACA725 /* Sources */ = {
			isa = PBXSourcesBuildPhase;
			buildActionMask = 2147483647;
			files = (
				B25BEFFD229CED0000ACA725 /* ne.c in Sources */,
				B25BEFF9229CE6ED00ACA725 /* nencoder~.c in Sources */,
			);
			runOnlyForDeploymentPostprocessing = 0;
		};
/* End PBXSourcesBuildPhase section */

/* Begin XCBuildConfiguration section */
		B25BEFE5229C99CF00ACA725 /* Debug */ = {
			isa = XCBuildConfiguration;
			buildSettings = {
				ALWAYS_SEARCH_USER_PATHS = NO;
				ARCHS = "$(ARCHS_STANDARD_32_64_BIT)";
				CLANG_ANALYZER_NONNULL = YES;
				CLANG_ANALYZER_NUMBER_OBJECT_CONVERSION = YES_AGGRESSIVE;
				CLANG_CXX_LANGUAGE_STANDARD = "gnu++0x";
				CLANG_CXX_LIBRARY = "libc++";
				CLANG_ENABLE_MODULES = YES;
				CLANG_ENABLE_OBJC_ARC = YES;
				CLANG_WARN_BOOL_CONVERSION = YES;
				CLANG_WARN_CONSTANT_CONVERSION = YES;
				CLANG_WARN_DIRECT_OBJC_ISA_USAGE = YES_ERROR;
				CLANG_WARN_DOCUMENTATION_COMMENTS = YES;
				CLANG_WARN_EMPTY_BODY = YES;
				CLANG_WARN_ENUM_CONVERSION = YES;
				CLANG_WARN_INFINITE_RECURSION = YES;
				CLANG_WARN_INT_CONVERSION = YES;
				CLANG_WARN_OBJC_ROOT_CLASS = YES_ERROR;
				CLANG_WARN_SUSPICIOUS_MOVE = YES;
				CLANG_WARN_UNREACHABLE_CODE = YES;
				CLANG_WARN__DUPLICATE_METHOD_MATCH = YES;
				CODE_SIGN_IDENTITY = "-";
				COPY_PHASE_STRIP = NO;
				DEBUG_INFORMATION_FORMAT = dwarf;
				ENABLE_STRICT_OBJC_MSGSEND = YES;
				ENABLE_TESTABILITY = YES;
				GCC_C_LANGUAGE_STANDARD = gnu99;
				GCC_DYNAMIC_NO_PIC = NO;
				GCC_NO_COMMON_BLOCKS = YES;
				GCC_OPTIMIZATION_LEVEL = 0;
				GCC_PREPROCESSOR_DEFINITIONS = (
					"DEBUG=1",
					"$(inherited)",
				);
				GCC_WARN_64_TO_32_BIT_CONVERSION = YES;
				GCC_WARN_ABOUT_RETURN_TYPE = YES_ERROR;
				GCC_WARN_UNDECLARED_SELECTOR = YES;
				GCC_WARN_UNINITIALIZED_AUTOS = YES_AGGRESSIVE;
				GCC_WARN_UNUSED_FUNCTION = YES;
				GCC_WARN_UNUSED_VARIABLE = YES;
				MACOSX_DEPLOYMENT_TARGET = 10.12;
				MTL_ENABLE_DEBUG_INFO = YES;
				ONLY_ACTIVE_ARCH = YES;
				OTHER_LDFLAGS = (
					"-undefined",
					dynamic_lookup,
				);
				SDKROOT = macosx;
			};
			name = Debug;
		};
		B25BEFE6229C99CF00ACA725 /* Release */ = {
			isa = XCBuildConfiguration;
			buildSettings = {
				ALWAYS_SEARCH_USER_PATHS = NO;
				ARCHS = "$(ARCHS_STANDARD_32_64_BIT)";
				CLANG_ANALYZER_NONNULL = YES;
				CLANG_ANALYZER_NUMBER_OBJECT_CONVERSION = YES_AGGRESSIVE;
				CLANG_CXX_LANGUAGE_STANDARD = "gnu++0x";
				CLANG_CXX_LIBRARY = "libc++";
				CLANG_ENABLE_MODULES = YES;
				CLANG_ENABLE_OBJC_ARC = YES;
				CLANG_WARN_BOOL_CONVERSION = YES;
				CLANG_WARN_CONSTANT_CONVERSION = YES;
				CLANG_WARN_DIRECT_OBJC_ISA_USAGE = YES_ERROR;
				CLANG_WARN_DOCUMENTATION_COMMENTS = YES;
				CLANG_WARN_EMPTY_BODY = YES;
				CLANG_WARN_ENUM_CONVERSION = YES;
				CLANG_WARN_INFINITE_RECURSION = YES;
				CLANG_WARN_INT_CONVERSION = YES;
				CLANG_WARN_OBJC_ROOT_CLASS = YES_ERROR;
				CLANG_WARN_SUSPICIOUS_MOVE = YES;
				CLANG_WARN_UNREACHABLE_CODE = YES;
				CLANG_WARN__DUPLICATE_METHOD_MATCH = YES;
				CODE_SIGN_IDENTITY = "-";
				COPY_PHASE_STRIP = NO;
				DEBUG_INFORMATION_FORMAT = "dwarf-with-dsym";
				ENABLE_NS_ASSERTIONS = NO;
				ENABLE_STRICT_OBJC_MSGSEND = YES;
				GCC_C_LANGUAGE_STANDARD = gnu99;
				GCC_NO_COMMON_BLOCKS = YES;
				GCC_WARN_64_TO_32_BIT_CONVERSION = YES;
				GCC_WARN_ABOUT_RETURN_TYPE = YES_ERROR;
				GCC_WARN_UNDECLARED_SELECTOR = YES;
				GCC_WARN_UNINITIALIZED_AUTOS = YES_AGGRESSIVE;
				GCC_WARN_UNUSED_FUNCTION = YES;
				GCC_WARN_UNUSED_VARIABLE = YES;
				MACOSX_DEPLOYMENT_TARGET = 10.12;
				MTL_ENABLE_DEBUG_INFO = NO;
				OTHER_LDFLAGS = (
					"-undefined",
					dynamic_lookup,
				);
				SDKROOT = macosx;
			};
			name = Release;
		};
		B25BEFE8229C99CF00ACA725 /* Debug */ = {
			isa = XCBuildConfiguration;
			buildSettings = {
				DYLIB_COMPATIBILITY_VERSION = 1;
				DYLIB_CURRENT_VERSION = 1;
				EXECUTABLE_EXTENSION = pd_darwin;
				EXECUTABLE_PREFIX = "";
				PRODUCT_NAME = "ndecoder~";
			};
			name = Debug;
		};
		B25BEFE9229C99CF00ACA725 /* Release */ = {
			isa = XCBuildConfiguration;
			buildSettings = {
				DYLIB_COMPATIBILITY_VERSION = 1;
				DYLIB_CURRENT_VERSION = 1;
				EXECUTABLE_EXTENSION = pd_darwin;
				EXECUTABLE_PREFIX = "";
				PRODUCT_NAME = "ndecoder~";
			};
			name = Release;
		};
		B25BEFF5229CE6B000ACA725 /* Debug */ = {
			isa = XCBuildConfiguration;
			buildSettings = {
				DYLIB_COMPATIBILITY_VERSION = 1;
				DYLIB_CURRENT_VERSION = 1;
				EXECUTABLE_EXTENSION = pd_darwin;
				EXECUTABLE_PREFIX = "";
				PRODUCT_NAME = "$(TARGET_NAME)";
			};
			name = Debug;
		};
		B25BEFF6229CE6B000ACA725 /* Release */ = {
			isa = XCBuildConfiguration;
			buildSettings = {
				DYLIB_COMPATIBILITY_VERSION = 1;
				DYLIB_CURRENT_VERSION = 1;
				EXECUTABLE_EXTENSION = pd_darwin;
				EXECUTABLE_PREFIX = "";
				PRODUCT_NAME = "$(TARGET_NAME)";
			};
			name = Release;
		};
/* End XCBuildConfiguration section */

/* Begin XCConfigurationList section */
		B25BEFDE229C99CF00ACA725 /* Build configuration list for PBXProject "pd-ne" */ = {
			isa = XCConfigurationList;
			buildConfigurations = (
				B25BEFE5229C99CF00ACA725 /* Debug */,
				B25BEFE6229C99CF00ACA725 /* Release */,
			);
			defaultConfigurationIsVisible = 0;
			defaultConfigurationName = Release;
		};
		B25BEFE7229C99CF00ACA725 /* Build configuration list for PBXNativeTarget "ndecoder~" */ = {
			isa = XCConfigurationList;
			buildConfigurations = (
				B25BEFE8229C99CF00ACA725 /* Debug */,
				B25BEFE9229C99CF00ACA725 /* Release */,
			);
			defaultConfigurationIsVisible = 0;
			defaultConfigurationName = Release;
		};
		B25BEFF4229CE6B000ACA725 /* Build configuration list for PBXNativeTarget "nencoder~" */ = {
			isa = XCConfigurationList;
			buildConfigurations = (
				B25BEFF5229CE6B000ACA725 /* Debug */,
				B25BEFF6229CE6B000ACA725 /* Release */,
			);
			defaultConfigurationIsVisible = 0;
			defaultConfigurationName = Release;
		};
/* End XCConfigurationList section */
	};
	rootObject = B25BEFDB229C99CF00ACA725 /* Project object */;
}
